
Microsoft Visual Studio Solution File, Format Version 12.00
# Visual Studio Version 17
VisualStudioVersion = 17.5.002.0
MinimumVisualStudioVersion = 10.0.40219.1
Project("{9A19103F-16F7-4668-BE54-9A1E7A4F7556}") = "#", "#.csproj", "{50366AB0-E96F-4D82-99C1-255586D95FF3}"
EndProject
Global
	GlobalSection(SolutionConfigurationPlatforms) = preSolution
		Debug|Any CPU = Debug|Any CPU
		Release|Any CPU = Release|Any CPU
	EndGlobalSection
	GlobalSection(ProjectConfigurationPlatforms) = postSolution
		{50366AB0-E96F-4D82-99C1-255586D95FF3}.Debug|Any CPU.ActiveCfg = Debug|Any CPU
		{50366AB0-E96F-4D82-99C1-255586D95FF3}.Debug|Any CPU.Build.0 = Debug|Any CPU
		{50366AB0-E96F-4D82-99C1-255586D95FF3}.Release|Any CPU.ActiveCfg = Release|Any CPU
		{50366AB0-E96F-4D82-99C1-255586D95FF3}.Release|Any CPU.Build.0 = Release|Any CPU
	EndGlobalSection
	GlobalSection(SolutionProperties) = preSolution
		HideSolutionNode = FALSE
	EndGlobalSection
	GlobalSection(ExtensibilityGlobals) = postSolution
		SolutionGuid = {0BCEB9FC-ED02-41CE-9D60-F75FF3E48230}
	EndGlobalSection
EndGlobal
